
Microsoft Visual Studio Solution File, Format Version 12.00
# Visual Studio 15
VisualStudioVersion = 15.0.27130.2020
MinimumVisualStudioVersion = 10.0.40219.1
Project("{FAE04EC0-301F-11D3-BF4B-00C04F79EFBC}") = "LetsStartTesting", "LetsStartTesting\LetsStartTesting.csproj", "{4823A5D7-52A0-45BA-9BD1-62915789DF95}"
EndProject
Global
	GlobalSection(SolutionConfigurationPlatforms) = preSolution
		Debug|Any CPU = Debug|Any CPU
		Release|Any CPU = Release|Any CPU
	EndGlobalSection
	GlobalSection(ProjectConfigurationPlatforms) = postSolution
		{4823A5D7-52A0-45BA-9BD1-62915789DF95}.Debug|Any CPU.ActiveCfg = Debug|Any CPU
		{4823A5D7-52A0-45BA-9BD1-62915789DF95}.Debug|Any CPU.Build.0 = Debug|Any CPU
		{4823A5D7-52A0-45BA-9BD1-62915789DF95}.Release|Any CPU.ActiveCfg = Release|Any CPU
		{4823A5D7-52A0-45BA-9BD1-62915789DF95}.Release|Any CPU.Build.0 = Release|Any CPU
	EndGlobalSection
	GlobalSection(SolutionProperties) = preSolution
		HideSolutionNode = FALSE
	EndGlobalSection
	GlobalSection(ExtensibilityGlobals) = postSolution
		SolutionGuid = {7061726E-FD90-4A90-BBD1-1D665B659031}
	EndGlobalSection
EndGlobal
